
Microsoft Visual Studio Solution File, Format Version 12.00
# Visual Studio Version 17
VisualStudioVersion = 17.14.36717.8
MinimumVisualStudioVersion = 10.0.40219.1
Project("{2150E333-8FDC-42A3-9474-1A3956D46DE8}") = "ApiGateways", "ApiGateways", "{02EA681E-C7D8-13C7-8484-4AC65E1B71E8}"
EndProject
Project("{FAE04EC0-301F-11D3-BF4B-00C04F79EFBC}") = "AcademyIO.Bff", "src\api-gateways\AcademyIO.Bff\AcademyIO.Bff.csproj", "{85070F2D-9B56-7827-F7A8-2AB826E74CE7}"
EndProject
Project("{2150E333-8FDC-42A3-9474-1A3956D46DE8}") = "Building Blocks", "Building Blocks", "{1EFF29ED-E0C7-4091-98FB-B1D3ED6CA94E}"
EndProject
Project("{2150E333-8FDC-42A3-9474-1A3956D46DE8}") = "Core", "Core", "{EF99B12E-AAF3-406B-9A5D-304D3C16C479}"
EndProject
Project("{2150E333-8FDC-42A3-9474-1A3956D46DE8}") = "MessageBus", "MessageBus", "{61DFB376-38BF-4FB7-9553-28C43A765712}"
EndProject
Project("{2150E333-8FDC-42A3-9474-1A3956D46DE8}") = "Services", "Services", "{B77F78CC-8B8D-4081-A275-40774953998D}"
EndProject
Project("{FAE04EC0-301F-11D3-BF4B-00C04F79EFBC}") = "AcademyIO.Core", "src\building-blocks\AcademyIO.Core\AcademyIO.Core.csproj", "{20028C63-4CB2-F1C1-55EA-CFF5AE2432D4}"
EndProject
Project("{FAE04EC0-301F-11D3-BF4B-00C04F79EFBC}") = "AcademyIO.MessageBus", "src\building-blocks\AcademyIO.MessageBus\AcademyIO.MessageBus.csproj", "{1B744A57-9C8F-6783-FCB2-07B1477AAC5B}"
EndProject
Project("{FAE04EC0-301F-11D3-BF4B-00C04F79EFBC}") = "AcademyIO.WebAPI.Core", "src\building-blocks\AcademyIO.WebAPI.Core\AcademyIO.WebAPI.Core.csproj", "{B8920B51-4D2D-8590-6DEC-1970F89EFEC3}"
EndProject
Project("{2150E333-8FDC-42A3-9474-1A3956D46DE8}") = "Services", "Services", "{58FE4E92-6748-4754-9244-A6965619CFEC}"
EndProject
Project("{2150E333-8FDC-42A3-9474-1A3956D46DE8}") = "Auth", "Auth", "{2800DB89-3413-4E6D-ACDD-CBFA456D8CAE}"
EndProject
Project("{2150E333-8FDC-42A3-9474-1A3956D46DE8}") = "Courses", "Courses", "{049B3E41-FB82-4B92-934E-54C4A4D02CE2}"
EndProject
Project("{2150E333-8FDC-42A3-9474-1A3956D46DE8}") = "Payments", "Payments", "{993A5A99-DBCE-4E64-971B-1822AAF48233}"
EndProject
Project("{2150E333-8FDC-42A3-9474-1A3956D46DE8}") = "Students", "Students", "{D6D42FD4-408B-4FE6-984E-398A0707AAB2}"
EndProject
Project("{FAE04EC0-301F-11D3-BF4B-00C04F79EFBC}") = "AcademyIO.Auth.API", "src\services\AcademyIO.Auth.API\AcademyIO.Auth.API.csproj", "{6CF73703-5285-4A2A-786A-C5FCA06C3DCA}"
EndProject
Project("{FAE04EC0-301F-11D3-BF4B-00C04F79EFBC}") = "AcademyIO.Courses.API", "src\services\AcademyIO.Courses.API\AcademyIO.Courses.API.csproj", "{32A0249D-5977-9E9C-2771-68044578C1FC}"
EndProject
Project("{FAE04EC0-301F-11D3-BF4B-00C04F79EFBC}") = "AcademyIO.Students.API", "src\services\AcademyIO.Students.API\AcademyIO.Students.API.csproj", "{877F8C0D-0811-3278-DE32-99677CE556F3}"
EndProject
Project("{FAE04EC0-301F-11D3-BF4B-00C04F79EFBC}") = "AcademyIO.Payments.API", "src\services\AcademyIO.Payments.API\AcademyIO.Payments.API.csproj", "{F56D5C44-2B6A-C5B3-EEFE-5135D5D5A294}"
EndProject
Global
	GlobalSection(SolutionConfigurationPlatforms) = preSolution
		Debug|Any CPU = Debug|Any CPU
		Release|Any CPU = Release|Any CPU
	EndGlobalSection
	GlobalSection(ProjectConfigurationPlatforms) = postSolution
		{85070F2D-9B56-7827-F7A8-2AB826E74CE7}.Debug|Any CPU.ActiveCfg = Debug|Any CPU
		{85070F2D-9B56-7827-F7A8-2AB826E74CE7}.Debug|Any CPU.Build.0 = Debug|Any CPU
		{85070F2D-9B56-7827-F7A8-2AB826E74CE7}.Release|Any CPU.ActiveCfg = Release|Any CPU
		{85070F2D-9B56-7827-F7A8-2AB826E74CE7}.Release|Any CPU.Build.0 = Release|Any CPU
		{20028C63-4CB2-F1C1-55EA-CFF5AE2432D4}.Debug|Any CPU.ActiveCfg = Debug|Any CPU
		{20028C63-4CB2-F1C1-55EA-CFF5AE2432D4}.Debug|Any CPU.Build.0 = Debug|Any CPU
		{20028C63-4CB2-F1C1-55EA-CFF5AE2432D4}.Release|Any CPU.ActiveCfg = Release|Any CPU
		{20028C63-4CB2-F1C1-55EA-CFF5AE2432D4}.Release|Any CPU.Build.0 = Release|Any CPU
		{1B744A57-9C8F-6783-FCB2-07B1477AAC5B}.Debug|Any CPU.ActiveCfg = Debug|Any CPU
		{1B744A57-9C8F-6783-FCB2-07B1477AAC5B}.Debug|Any CPU.Build.0 = Debug|Any CPU
		{1B744A57-9C8F-6783-FCB2-07B1477AAC5B}.Release|Any CPU.ActiveCfg = Release|Any CPU
		{1B744A57-9C8F-6783-FCB2-07B1477AAC5B}.Release|Any CPU.Build.0 = Release|Any CPU
		{B8920B51-4D2D-8590-6DEC-1970F89EFEC3}.Debug|Any CPU.ActiveCfg = Debug|Any CPU
		{B8920B51-4D2D-8590-6DEC-1970F89EFEC3}.Debug|Any CPU.Build.0 = Debug|Any CPU
		{B8920B51-4D2D-8590-6DEC-1970F89EFEC3}.Release|Any CPU.ActiveCfg = Release|Any CPU
		{B8920B51-4D2D-8590-6DEC-1970F89EFEC3}.Release|Any CPU.Build.0 = Release|Any CPU
		{6CF73703-5285-4A2A-786A-C5FCA06C3DCA}.Debug|Any CPU.ActiveCfg = Debug|Any CPU
		{6CF73703-5285-4A2A-786A-C5FCA06C3DCA}.Debug|Any CPU.Build.0 = Debug|Any CPU
		{6CF73703-5285-4A2A-786A-C5FCA06C3DCA}.Release|Any CPU.ActiveCfg = Release|Any CPU
		{6CF73703-5285-4A2A-786A-C5FCA06C3DCA}.Release|Any CPU.Build.0 = Release|Any CPU
		{32A0249D-5977-9E9C-2771-68044578C1FC}.Debug|Any CPU.ActiveCfg = Debug|Any CPU
		{32A0249D-5977-9E9C-2771-68044578C1FC}.Debug|Any CPU.Build.0 = Debug|Any CPU
		{32A0249D-5977-9E9C-2771-68044578C1FC}.Release|Any CPU.ActiveCfg = Release|Any CPU
		{32A0249D-5977-9E9C-2771-68044578C1FC}.Release|Any CPU.Build.0 = Release|Any CPU
		{877F8C0D-0811-3278-DE32-99677CE556F3}.Debug|Any CPU.ActiveCfg = Debug|Any CPU
		{877F8C0D-0811-3278-DE32-99677CE556F3}.Debug|Any CPU.Build.0 = Debug|Any CPU
		{877F8C0D-0811-3278-DE32-99677CE556F3}.Release|Any CPU.ActiveCfg = Release|Any CPU
		{877F8C0D-0811-3278-DE32-99677CE556F3}.Release|Any CPU.Build.0 = Release|Any CPU
		{F56D5C44-2B6A-C5B3-EEFE-5135D5D5A294}.Debug|Any CPU.ActiveCfg = Debug|Any CPU
		{F56D5C44-2B6A-C5B3-EEFE-5135D5D5A294}.Debug|Any CPU.Build.0 = Debug|Any CPU
		{F56D5C44-2B6A-C5B3-EEFE-5135D5D5A294}.Release|Any CPU.ActiveCfg = Release|Any CPU
		{F56D5C44-2B6A-C5B3-EEFE-5135D5D5A294}.Release|Any CPU.Build.0 = Release|Any CPU
	EndGlobalSection
	GlobalSection(SolutionProperties) = preSolution
		HideSolutionNode = FALSE
	EndGlobalSection
	GlobalSection(NestedProjects) = preSolution
		{85070F2D-9B56-7827-F7A8-2AB826E74CE7} = {02EA681E-C7D8-13C7-8484-4AC65E1B71E8}
		{EF99B12E-AAF3-406B-9A5D-304D3C16C479} = {1EFF29ED-E0C7-4091-98FB-B1D3ED6CA94E}
		{61DFB376-38BF-4FB7-9553-28C43A765712} = {1EFF29ED-E0C7-4091-98FB-B1D3ED6CA94E}
		{B77F78CC-8B8D-4081-A275-40774953998D} = {1EFF29ED-E0C7-4091-98FB-B1D3ED6CA94E}
		{20028C63-4CB2-F1C1-55EA-CFF5AE2432D4} = {EF99B12E-AAF3-406B-9A5D-304D3C16C479}
		{1B744A57-9C8F-6783-FCB2-07B1477AAC5B} = {61DFB376-38BF-4FB7-9553-28C43A765712}
		{B8920B51-4D2D-8590-6DEC-1970F89EFEC3} = {B77F78CC-8B8D-4081-A275-40774953998D}
		{2800DB89-3413-4E6D-ACDD-CBFA456D8CAE} = {58FE4E92-6748-4754-9244-A6965619CFEC}
		{049B3E41-FB82-4B92-934E-54C4A4D02CE2} = {58FE4E92-6748-4754-9244-A6965619CFEC}
		{993A5A99-DBCE-4E64-971B-1822AAF48233} = {58FE4E92-6748-4754-9244-A6965619CFEC}
		{D6D42FD4-408B-4FE6-984E-398A0707AAB2} = {58FE4E92-6748-4754-9244-A6965619CFEC}
		{6CF73703-5285-4A2A-786A-C5FCA06C3DCA} = {2800DB89-3413-4E6D-ACDD-CBFA456D8CAE}
		{32A0249D-5977-9E9C-2771-68044578C1FC} = {049B3E41-FB82-4B92-934E-54C4A4D02CE2}
		{877F8C0D-0811-3278-DE32-99677CE556F3} = {D6D42FD4-408B-4FE6-984E-398A0707AAB2}
		{F56D5C44-2B6A-C5B3-EEFE-5135D5D5A294} = {993A5A99-DBCE-4E64-971B-1822AAF48233}
	EndGlobalSection
	GlobalSection(ExtensibilityGlobals) = postSolution
		SolutionGuid = {FD9F7FE1-3571-498C-9952-9E04F485EC56}
	EndGlobalSection
EndGlobal
